
Microsoft Visual Studio Solution File, Format Version 12.00
# Visual Studio Version 16
VisualStudioVersion = 16.0.31205.134
MinimumVisualStudioVersion = 10.0.40219.1
Project("{FAE04EC0-301F-11D3-BF4B-00C04F79EFBC}") = "Publisher.RabbitMq.Example", "Started.RabbitMq.Example\Publisher.RabbitMq.Example.csproj", "{0EBDF820-87B4-4B40-A7D8-7F9959CC98F2}"
EndProject
Project("{FAE04EC0-301F-11D3-BF4B-00C04F79EFBC}") = "Consumer.RabbitMq.Example", "Consumer.RabbitMq.Example\Consumer.RabbitMq.Example.csproj", "{3BB5ED74-F395-45DD-B5F1-89BEA7AE9A87}"
EndProject
Global
	GlobalSection(SolutionConfigurationPlatforms) = preSolution
		Debug|Any CPU = Debug|Any CPU
		Release|Any CPU = Release|Any CPU
	EndGlobalSection
	GlobalSection(ProjectConfigurationPlatforms) = postSolution
		{0EBDF820-87B4-4B40-A7D8-7F9959CC98F2}.Debug|Any CPU.ActiveCfg = Debug|Any CPU
		{0EBDF820-87B4-4B40-A7D8-7F9959CC98F2}.Debug|Any CPU.Build.0 = Debug|Any CPU
		{0EBDF820-87B4-4B40-A7D8-7F9959CC98F2}.Release|Any CPU.ActiveCfg = Release|Any CPU
		{0EBDF820-87B4-4B40-A7D8-7F9959CC98F2}.Release|Any CPU.Build.0 = Release|Any CPU
		{3BB5ED74-F395-45DD-B5F1-89BEA7AE9A87}.Debug|Any CPU.ActiveCfg = Debug|Any CPU
		{3BB5ED74-F395-45DD-B5F1-89BEA7AE9A87}.Debug|Any CPU.Build.0 = Debug|Any CPU
		{3BB5ED74-F395-45DD-B5F1-89BEA7AE9A87}.Release|Any CPU.ActiveCfg = Release|Any CPU
		{3BB5ED74-F395-45DD-B5F1-89BEA7AE9A87}.Release|Any CPU.Build.0 = Release|Any CPU
	EndGlobalSection
	GlobalSection(SolutionProperties) = preSolution
		HideSolutionNode = FALSE
	EndGlobalSection
	GlobalSection(ExtensibilityGlobals) = postSolution
		SolutionGuid = {B78EAC83-90D8-49E6-95D9-7300182A6DE8}
	EndGlobalSection
EndGlobal
